// !$*UTF8*$!
{
	archiveVersion = 1;
	classes = {
	};
	objectVersion = 50;
	objects = {

/* Begin PBXBuildFile section */
		A10D65AE246DEC3100B2E284 /* MapViewController.swift in Sources */ = {isa = PBXBuildFile; fileRef = A10D65AD246DEC3100B2E284 /* MapViewController.swift */; };
		A1190280246D992800C50CE7 /* AppDelegate.swift in Sources */ = {isa = PBXBuildFile; fileRef = A119027F246D992800C50CE7 /* AppDelegate.swift */; };
		A1190282246D992800C50CE7 /* SceneDelegate.swift in Sources */ = {isa = PBXBuildFile; fileRef = A1190281246D992800C50CE7 /* SceneDelegate.swift */; };
		A1190284246D992800C50CE7 /* LoginViewController.swift in Sources */ = {isa = PBXBuildFile; fileRef = A1190283246D992800C50CE7 /* LoginViewController.swift */; };
		A1190287246D992800C50CE7 /* Main.storyboard in Resources */ = {isa = PBXBuildFile; fileRef = A1190285246D992800C50CE7 /* Main.storyboard */; };
		A1190289246D992900C50CE7 /* Assets.xcassets in Resources */ = {isa = PBXBuildFile; fileRef = A1190288246D992900C50CE7 /* Assets.xcassets */; };
		A119028C246D992900C50CE7 /* LaunchScreen.storyboard in Resources */ = {isa = PBXBuildFile; fileRef = A119028A246D992900C50CE7 /* LaunchScreen.storyboard */; };
		A1190297246DA39500C50CE7 /* ApiClient.swift in Sources */ = {isa = PBXBuildFile; fileRef = A1190296246DA39500C50CE7 /* ApiClient.swift */; };
		A1190299246DA9A000C50CE7 /* GetStudentLocationResponse.swift in Sources */ = {isa = PBXBuildFile; fileRef = A1190298246DA9A000C50CE7 /* GetStudentLocationResponse.swift */; };
		A167EAF9246EEAC9006CEC8C /* StudentLocation.swift in Sources */ = {isa = PBXBuildFile; fileRef = A167EAF8246EEAC9006CEC8C /* StudentLocation.swift */; };
		A167EAFE246EEE32006CEC8C /* UIViewController+Alert.swift in Sources */ = {isa = PBXBuildFile; fileRef = A167EAFD246EEE32006CEC8C /* UIViewController+Alert.swift */; };
		A167EB00246F11AE006CEC8C /* AuthRequest.swift in Sources */ = {isa = PBXBuildFile; fileRef = A167EAFF246F11AE006CEC8C /* AuthRequest.swift */; };
		A167EB02246F11BD006CEC8C /* AuthResponse.swift in Sources */ = {isa = PBXBuildFile; fileRef = A167EB01246F11BD006CEC8C /* AuthResponse.swift */; };
		A1798825247008C000D7E808 /* LocationTableViewController.swift in Sources */ = {isa = PBXBuildFile; fileRef = A1798824247008C000D7E808 /* LocationTableViewController.swift */; };
		A17988272470289F00D7E808 /* Student.swift in Sources */ = {isa = PBXBuildFile; fileRef = A17988262470289F00D7E808 /* Student.swift */; };
		A1798829247054AF00D7E808 /* AddLocationViewController.swift in Sources */ = {isa = PBXBuildFile; fileRef = A1798828247054AF00D7E808 /* AddLocationViewController.swift */; };
		A179882B24705B9200D7E808 /* FinishAddLocationViewController.swift in Sources */ = {isa = PBXBuildFile; fileRef = A179882A24705B9200D7E808 /* FinishAddLocationViewController.swift */; };
		A179882D2470642500D7E808 /* AddStudentLocationResponse.swift in Sources */ = {isa = PBXBuildFile; fileRef = A179882C2470642500D7E808 /* AddStudentLocationResponse.swift */; };
		A1A8036B2478AC5E00B26EB6 /* BaseLocationsViewController.swift in Sources */ = {isa = PBXBuildFile; fileRef = A1A8036A2478AC5E00B26EB6 /* BaseLocationsViewController.swift */; };
/* End PBXBuildFile section */

/* Begin PBXFileReference section */
		A10D65AD246DEC3100B2E284 /* MapViewController.swift */ = {isa = PBXFileReference; lastKnownFileType = sourcecode.swift; path = MapViewController.swift; sourceTree = "<group>"; };
		A119027C246D992800C50CE7 /* OnTheMap.app */ = {isa = PBXFileReference; explicitFileType = wrapper.application; includeInIndex = 0; path = OnTheMap.app; sourceTree = BUILT_PRODUCTS_DIR; };
		A119027F246D992800C50CE7 /* AppDelegate.swift */ = {isa = PBXFileReference; lastKnownFileType = sourcecode.swift; path = AppDelegate.swift; sourceTree = "<group>"; };
		A1190281246D992800C50CE7 /* SceneDelegate.swift */ = {isa = PBXFileReference; lastKnownFileType = sourcecode.swift; path = SceneDelegate.swift; sourceTree = "<group>"; };
		A1190283246D992800C50CE7 /* LoginViewController.swift */ = {isa = PBXFileReference; lastKnownFileType = sourcecode.swift; path = LoginViewController.swift; sourceTree = "<group>"; };
		A1190286246D992800C50CE7 /* Base */ = {isa = PBXFileReference; lastKnownFileType = file.storyboard; name = Base; path = Base.lproj/Main.storyboard; sourceTree = "<group>"; };
		A1190288246D992900C50CE7 /* Assets.xcassets */ = {isa = PBXFileReference; lastKnownFileType = folder.assetcatalog; path = Assets.xcassets; sourceTree = "<group>"; };
		A119028B246D992900C50CE7 /* Base */ = {isa = PBXFileReference; lastKnownFileType = file.storyboard; name = Base; path = Base.lproj/LaunchScreen.storyboard; sourceTree = "<group>"; };
		A119028D246D992900C50CE7 /* Info.plist */ = {isa = PBXFileReference; lastKnownFileType = text.plist.xml; path = Info.plist; sourceTree = "<group>"; };
		A1190296246DA39500C50CE7 /* ApiClient.swift */ = {isa = PBXFileReference; lastKnownFileType = sourcecode.swift; path = ApiClient.swift; sourceTree = "<group>"; };
		A1190298246DA9A000C50CE7 /* GetStudentLocationResponse.swift */ = {isa = PBXFileReference; lastKnownFileType = sourcecode.swift; path = GetStudentLocationResponse.swift; sourceTree = "<group>"; };
		A167EAF8246EEAC9006CEC8C /* StudentLocation.swift */ = {isa = PBXFileReference; lastKnownFileType = sourcecode.swift; path = StudentLocation.swift; sourceTree = "<group>"; };
		A167EAFD246EEE32006CEC8C /* UIViewController+Alert.swift */ = {isa = PBXFileReference; lastKnownFileType = sourcecode.swift; path = "UIViewController+Alert.swift"; sourceTree = "<group>"; };
		A167EAFF246F11AE006CEC8C /* AuthRequest.swift */ = {isa = PBXFileReference; lastKnownFileType = sourcecode.swift; path = AuthRequest.swift; sourceTree = "<group>"; };
		A167EB01246F11BD006CEC8C /* AuthResponse.swift */ = {isa = PBXFileReference; lastKnownFileType = sourcecode.swift; path = AuthResponse.swift; sourceTree = "<group>"; };
		A1798824247008C000D7E808 /* LocationTableViewController.swift */ = {isa = PBXFileReference; lastKnownFileType = sourcecode.swift; path = LocationTableViewController.swift; sourceTree = "<group>"; };
		A17988262470289F00D7E808 /* Student.swift */ = {isa = PBXFileReference; lastKnownFileType = sourcecode.swift; path = Student.swift; sourceTree = "<group>"; };
		A1798828247054AF00D7E808 /* AddLocationViewController.swift */ = {isa = PBXFileReference; lastKnownFileType = sourcecode.swift; path = AddLocationViewController.swift; sourceTree = "<group>"; };
		A179882A24705B9200D7E808 /* FinishAddLocationViewController.swift */ = {isa = PBXFileReference; lastKnownFileType = sourcecode.swift; path = FinishAddLocationViewController.swift; sourceTree = "<group>"; };
		A179882C2470642500D7E808 /* AddStudentLocationResponse.swift */ = {isa = PBXFileReference; lastKnownFileType = sourcecode.swift; path = AddStudentLocationResponse.swift; sourceTree = "<group>"; };
		A1A8036A2478AC5E00B26EB6 /* BaseLocationsViewController.swift */ = {isa = PBXFileReference; lastKnownFileType = sourcecode.swift; path = BaseLocationsViewController.swift; sourceTree = "<group>"; };
/* End PBXFileReference section */

/* Begin PBXFrameworksBuildPhase section */
		A1190279246D992800C50CE7 /* Frameworks */ = {
			isa = PBXFrameworksBuildPhase;
			buildActionMask = 2147483647;
			files = (
			);
			runOnlyForDeploymentPostprocessing = 0;
		};
/* End PBXFrameworksBuildPhase section */

/* Begin PBXGroup section */
		A1190273246D992700C50CE7 = {
			isa = PBXGroup;
			children = (
				A119027E246D992800C50CE7 /* OnTheMap */,
				A119027D246D992800C50CE7 /* Products */,
			);
			sourceTree = "<group>";
		};
		A119027D246D992800C50CE7 /* Products */ = {
			isa = PBXGroup;
			children = (
				A119027C246D992800C50CE7 /* OnTheMap.app */,
			);
			name = Products;
			sourceTree = "<group>";
		};
		A119027E246D992800C50CE7 /* OnTheMap */ = {
			isa = PBXGroup;
			children = (
				A119027F246D992800C50CE7 /* AppDelegate.swift */,
				A1190281246D992800C50CE7 /* SceneDelegate.swift */,
				A119028D246D992900C50CE7 /* Info.plist */,
				A1190295246DA36900C50CE7 /* model */,
				A1190294246DA35900C50CE7 /* controller */,
				A1190293246DA33000C50CE7 /* assets */,
			);
			path = OnTheMap;
			sourceTree = "<group>";
		};
		A1190293246DA33000C50CE7 /* assets */ = {
			isa = PBXGroup;
			children = (
				A1190285246D992800C50CE7 /* Main.storyboard */,
				A1190288246D992900C50CE7 /* Assets.xcassets */,
				A119028A246D992900C50CE7 /* LaunchScreen.storyboard */,
			);
			path = assets;
			sourceTree = "<group>";
		};
		A1190294246DA35900C50CE7 /* controller */ = {
			isa = PBXGroup;
			children = (
				A1190283246D992800C50CE7 /* LoginViewController.swift */,
				A10D65AD246DEC3100B2E284 /* MapViewController.swift */,
				A167EAFD246EEE32006CEC8C /* UIViewController+Alert.swift */,
				A1798824247008C000D7E808 /* LocationTableViewController.swift */,
				A1798828247054AF00D7E808 /* AddLocationViewController.swift */,
				A179882A24705B9200D7E808 /* FinishAddLocationViewController.swift */,
				A1A8036A2478AC5E00B26EB6 /* BaseLocationsViewController.swift */,
			);
			path = controller;
			sourceTree = "<group>";
		};
		A1190295246DA36900C50CE7 /* model */ = {
			isa = PBXGroup;
			children = (
				A167EAFA246EED66006CEC8C /* client */,
				A167EAFB246EED78006CEC8C /* dto */,
			);
			path = model;
			sourceTree = "<group>";
		};
		A167EAFA246EED66006CEC8C /* client */ = {
			isa = PBXGroup;
			children = (
				A1190296246DA39500C50CE7 /* ApiClient.swift */,
			);
			path = client;
			sourceTree = "<group>";
		};
		A167EAFB246EED78006CEC8C /* dto */ = {
			isa = PBXGroup;
			children = (
				A167EAFF246F11AE006CEC8C /* AuthRequest.swift */,
				A1190298246DA9A000C50CE7 /* GetStudentLocationResponse.swift */,
				A167EAF8246EEAC9006CEC8C /* StudentLocation.swift */,
				A167EB01246F11BD006CEC8C /* AuthResponse.swift */,
				A17988262470289F00D7E808 /* Student.swift */,
				A179882C2470642500D7E808 /* AddStudentLocationResponse.swift */,
			);
			path = dto;
			sourceTree = "<group>";
		};
/* End PBXGroup section */

/* Begin PBXNativeTarget section */
		A119027B246D992800C50CE7 /* OnTheMap */ = {
			isa = PBXNativeTarget;
			buildConfigurationList = A1190290246D992900C50CE7 /* Build configuration list for PBXNativeTarget "OnTheMap" */;
			buildPhases = (
				A1190278246D992800C50CE7 /* Sources */,
				A1190279246D992800C50CE7 /* Frameworks */,
				A119027A246D992800C50CE7 /* Resources */,
			);
			buildRules = (
			);
			dependencies = (
			);
			name = OnTheMap;
			productName = OnTheMap;
			productReference = A119027C246D992800C50CE7 /* OnTheMap.app */;
			productType = "com.apple.product-type.application";
		};
/* End PBXNativeTarget section */

/* Begin PBXProject section */
		A1190274246D992700C50CE7 /* Project object */ = {
			isa = PBXProject;
			attributes = {
				LastSwiftUpdateCheck = 1140;
				LastUpgradeCheck = 1140;
				ORGANIZATIONNAME = AndyRadionov;
				TargetAttributes = {
					A119027B246D992800C50CE7 = {
						CreatedOnToolsVersion = 11.4.1;
					};
				};
			};
			buildConfigurationList = A1190277246D992700C50CE7 /* Build configuration list for PBXProject "OnTheMap" */;
			compatibilityVersion = "Xcode 9.3";
			developmentRegion = en;
			hasScannedForEncodings = 0;
			knownRegions = (
				en,
				Base,
			);
			mainGroup = A1190273246D992700C50CE7;
			productRefGroup = A119027D246D992800C50CE7 /* Products */;
			projectDirPath = "";
			projectRoot = "";
			targets = (
				A119027B246D992800C50CE7 /* OnTheMap */,
			);
		};
/* End PBXProject section */

/* Begin PBXResourcesBuildPhase section */
		A119027A246D992800C50CE7 /* Resources */ = {
			isa = PBXResourcesBuildPhase;
			buildActionMask = 2147483647;
			files = (
				A119028C246D992900C50CE7 /* LaunchScreen.storyboard in Resources */,
				A1190289246D992900C50CE7 /* Assets.xcassets in Resources */,
				A1190287246D992800C50CE7 /* Main.storyboard in Resources */,
			);
			runOnlyForDeploymentPostprocessing = 0;
		};
/* End PBXResourcesBuildPhase section */

/* Begin PBXSourcesBuildPhase section */
		A1190278246D992800C50CE7 /* Sources */ = {
			isa = PBXSourcesBuildPhase;
			buildActionMask = 2147483647;
			files = (
				A167EAF9246EEAC9006CEC8C /* StudentLocation.swift in Sources */,
				A1190284246D992800C50CE7 /* LoginViewController.swift in Sources */,
				A1190280246D992800C50CE7 /* AppDelegate.swift in Sources */,
				A1798829247054AF00D7E808 /* AddLocationViewController.swift in Sources */,
				A167EB00246F11AE006CEC8C /* AuthRequest.swift in Sources */,
				A179882D2470642500D7E808 /* AddStudentLocationResponse.swift in Sources */,
				A1A8036B2478AC5E00B26EB6 /* BaseLocationsViewController.swift in Sources */,
				A1190297246DA39500C50CE7 /* ApiClient.swift in Sources */,
				A179882B24705B9200D7E808 /* FinishAddLocationViewController.swift in Sources */,
				A1190282246D992800C50CE7 /* SceneDelegate.swift in Sources */,
				A17988272470289F00D7E808 /* Student.swift in Sources */,
				A1190299246DA9A000C50CE7 /* GetStudentLocationResponse.swift in Sources */,
				A1798825247008C000D7E808 /* LocationTableViewController.swift in Sources */,
				A10D65AE246DEC3100B2E284 /* MapViewController.swift in Sources */,
				A167EB02246F11BD006CEC8C /* AuthResponse.swift in Sources */,
				A167EAFE246EEE32006CEC8C /* UIViewController+Alert.swift in Sources */,
			);
			runOnlyForDeploymentPostprocessing = 0;
		};
/* End PBXSourcesBuildPhase section */

/* Begin PBXVariantGroup section */
		A1190285246D992800C50CE7 /* Main.storyboard */ = {
			isa = PBXVariantGroup;
			children = (
				A1190286246D992800C50CE7 /* Base */,
			);
			name = Main.storyboard;
			sourceTree = "<group>";
		};
		A119028A246D992900C50CE7 /* LaunchScreen.storyboard */ = {
			isa = PBXVariantGroup;
			children = (
				A119028B246D992900C50CE7 /* Base */,
			);
			name = LaunchScreen.storyboard;
			sourceTree = "<group>";
		};
/* End PBXVariantGroup section */

/* Begin XCBuildConfiguration section */
		A119028E246D992900C50CE7 /* Debug */ = {
			isa = XCBuildConfiguration;
			buildSettings = {
				ALWAYS_SEARCH_USER_PATHS = NO;
				CLANG_ANALYZER_NONNULL = YES;
				CLANG_ANALYZER_NUMBER_OBJECT_CONVERSION = YES_AGGRESSIVE;
				CLANG_CXX_LANGUAGE_STANDARD = "gnu++14";
				CLANG_CXX_LIBRARY = "libc++";
				CLANG_ENABLE_MODULES = YES;
				CLANG_ENABLE_OBJC_ARC = YES;
				CLANG_ENABLE_OBJC_WEAK = YES;
				CLANG_WARN_BLOCK_CAPTURE_AUTORELEASING = YES;
				CLANG_WARN_BOOL_CONVERSION = YES;
				CLANG_WARN_COMMA = YES;
				CLANG_WARN_CONSTANT_CONVERSION = YES;
				CLANG_WARN_DEPRECATED_OBJC_IMPLEMENTATIONS = YES;
				CLANG_WARN_DIRECT_OBJC_ISA_USAGE = YES_ERROR;
				CLANG_WARN_DOCUMENTATION_COMMENTS = YES;
				CLANG_WARN_EMPTY_BODY = YES;
				CLANG_WARN_ENUM_CONVERSION = YES;
				CLANG_WARN_INFINITE_RECURSION = YES;
				CLANG_WARN_INT_CONVERSION = YES;
				CLANG_WARN_NON_LITERAL_NULL_CONVERSION = YES;
				CLANG_WARN_OBJC_IMPLICIT_RETAIN_SELF = YES;
				CLANG_WARN_OBJC_LITERAL_CONVERSION = YES;
				CLANG_WARN_OBJC_ROOT_CLASS = YES_ERROR;
				CLANG_WARN_RANGE_LOOP_ANALYSIS = YES;
				CLANG_WARN_STRICT_PROTOTYPES = YES;
				CLANG_WARN_SUSPICIOUS_MOVE = YES;
				CLANG_WARN_UNGUARDED_AVAILABILITY = YES_AGGRESSIVE;
				CLANG_WARN_UNREACHABLE_CODE = YES;
				CLANG_WARN__DUPLICATE_METHOD_MATCH = YES;
				COPY_PHASE_STRIP = NO;
				DEBUG_INFORMATION_FORMAT = dwarf;
				ENABLE_STRICT_OBJC_MSGSEND = YES;
				ENABLE_TESTABILITY = YES;
				GCC_C_LANGUAGE_STANDARD = gnu11;
				GCC_DYNAMIC_NO_PIC = NO;
				GCC_NO_COMMON_BLOCKS = YES;
				GCC_OPTIMIZATION_LEVEL = 0;
				GCC_PREPROCESSOR_DEFINITIONS = (
					"DEBUG=1",
					"$(inherited)",
				);
				GCC_WARN_64_TO_32_BIT_CONVERSION = YES;
				GCC_WARN_ABOUT_RETURN_TYPE = YES_ERROR;
				GCC_WARN_UNDECLARED_SELECTOR = YES;
				GCC_WARN_UNINITIALIZED_AUTOS = YES_AGGRESSIVE;
				GCC_WARN_UNUSED_FUNCTION = YES;
				GCC_WARN_UNUSED_VARIABLE = YES;
				IPHONEOS_DEPLOYMENT_TARGET = 13.4;
				MTL_ENABLE_DEBUG_INFO = INCLUDE_SOURCE;
				MTL_FAST_MATH = YES;
				ONLY_ACTIVE_ARCH = YES;
				SDKROOT = iphoneos;
				SWIFT_ACTIVE_COMPILATION_CONDITIONS = DEBUG;
				SWIFT_OPTIMIZATION_LEVEL = "-Onone";
			};
			name = Debug;
		};
		A119028F246D992900C50CE7 /* Release */ = {
			isa = XCBuildConfiguration;
			buildSettings = {
				ALWAYS_SEARCH_USER_PATHS = NO;
				CLANG_ANALYZER_NONNULL = YES;
				CLANG_ANALYZER_NUMBER_OBJECT_CONVERSION = YES_AGGRESSIVE;
				CLANG_CXX_LANGUAGE_STANDARD = "gnu++14";
				CLANG_CXX_LIBRARY = "libc++";
				CLANG_ENABLE_MODULES = YES;
				CLANG_ENABLE_OBJC_ARC = YES;
				CLANG_ENABLE_OBJC_WEAK = YES;
				CLANG_WARN_BLOCK_CAPTURE_AUTORELEASING = YES;
				CLANG_WARN_BOOL_CONVERSION = YES;
				CLANG_WARN_COMMA = YES;
				CLANG_WARN_CONSTANT_CONVERSION = YES;
				CLANG_WARN_DEPRECATED_OBJC_IMPLEMENTATIONS = YES;
				CLANG_WARN_DIRECT_OBJC_ISA_USAGE = YES_ERROR;
				CLANG_WARN_DOCUMENTATION_COMMENTS = YES;
				CLANG_WARN_EMPTY_BODY = YES;
				CLANG_WARN_ENUM_CONVERSION = YES;
				CLANG_WARN_INFINITE_RECURSION = YES;
				CLANG_WARN_INT_CONVERSION = YES;
				CLANG_WARN_NON_LITERAL_NULL_CONVERSION = YES;
				CLANG_WARN_OBJC_IMPLICIT_RETAIN_SELF = YES;
				CLANG_WARN_OBJC_LITERAL_CONVERSION = YES;
				CLANG_WARN_OBJC_ROOT_CLASS = YES_ERROR;
				CLANG_WARN_RANGE_LOOP_ANALYSIS = YES;
				CLANG_WARN_STRICT_PROTOTYPES = YES;
				CLANG_WARN_SUSPICIOUS_MOVE = YES;
				CLANG_WARN_UNGUARDED_AVAILABILITY = YES_AGGRESSIVE;
				CLANG_WARN_UNREACHABLE_CODE = YES;
				CLANG_WARN__DUPLICATE_METHOD_MATCH = YES;
				COPY_PHASE_STRIP = NO;
				DEBUG_INFORMATION_FORMAT = "dwarf-with-dsym";
				ENABLE_NS_ASSERTIONS = NO;
				ENABLE_STRICT_OBJC_MSGSEND = YES;
				GCC_C_LANGUAGE_STANDARD = gnu11;
				GCC_NO_COMMON_BLOCKS = YES;
				GCC_WARN_64_TO_32_BIT_CONVERSION = YES;
				GCC_WARN_ABOUT_RETURN_TYPE = YES_ERROR;
				GCC_WARN_UNDECLARED_SELECTOR = YES;
				GCC_WARN_UNINITIALIZED_AUTOS = YES_AGGRESSIVE;
				GCC_WARN_UNUSED_FUNCTION = YES;
				GCC_WARN_UNUSED_VARIABLE = YES;
				IPHONEOS_DEPLOYMENT_TARGET = 13.4;
				MTL_ENABLE_DEBUG_INFO = NO;
				MTL_FAST_MATH = YES;
				SDKROOT = iphoneos;
				SWIFT_COMPILATION_MODE = wholemodule;
				SWIFT_OPTIMIZATION_LEVEL = "-O";
				VALIDATE_PRODUCT = YES;
			};
			name = Release;
		};
		A1190291246D992900C50CE7 /* Debug */ = {
			isa = XCBuildConfiguration;
			buildSettings = {
				ASSETCATALOG_COMPILER_APPICON_NAME = AppIcon;
				CODE_SIGN_STYLE = Automatic;
				INFOPLIST_FILE = OnTheMap/Info.plist;
				LD_RUNPATH_SEARCH_PATHS = (
					"$(inherited)",
					"@executable_path/Frameworks",
				);
				PRODUCT_BUNDLE_IDENTIFIER = io.AndyRadionov.OnTheMap;
				PRODUCT_NAME = "$(TARGET_NAME)";
				SWIFT_VERSION = 5.0;
				TARGETED_DEVICE_FAMILY = "1,2";
			};
			name = Debug;
		};
		A1190292246D992900C50CE7 /* Release */ = {
			isa = XCBuildConfiguration;
			buildSettings = {
				ASSETCATALOG_COMPILER_APPICON_NAME = AppIcon;
				CODE_SIGN_STYLE = Automatic;
				INFOPLIST_FILE = OnTheMap/Info.plist;
				LD_RUNPATH_SEARCH_PATHS = (
					"$(inherited)",
					"@executable_path/Frameworks",
				);
				PRODUCT_BUNDLE_IDENTIFIER = io.AndyRadionov.OnTheMap;
				PRODUCT_NAME = "$(TARGET_NAME)";
				SWIFT_VERSION = 5.0;
				TARGETED_DEVICE_FAMILY = "1,2";
			};
			name = Release;
		};
/* End XCBuildConfiguration section */

/* Begin XCConfigurationList section */
		A1190277246D992700C50CE7 /* Build configuration list for PBXProject "OnTheMap" */ = {
			isa = XCConfigurationList;
			buildConfigurations = (
				A119028E246D992900C50CE7 /* Debug */,
				A119028F246D992900C50CE7 /* Release */,
			);
			defaultConfigurationIsVisible = 0;
			defaultConfigurationName = Release;
		};
		A1190290246D992900C50CE7 /* Build configuration list for PBXNativeTarget "OnTheMap" */ = {
			isa = XCConfigurationList;
			buildConfigurations = (
				A1190291246D992900C50CE7 /* Debug */,
				A1190292246D992900C50CE7 /* Release */,
			);
			defaultConfigurationIsVisible = 0;
			defaultConfigurationName = Release;
		};
/* End XCConfigurationList section */
	};
	rootObject = A1190274246D992700C50CE7 /* Project object */;
}
